// !$*UTF8*$!
{
	archiveVersion = 1;
	classes = {
	};
	objectVersion = 50;
	objects = {

/* Begin PBXBuildFile section */
		2216A18F233021780091EF5A /* AppDelegate.swift in Sources */ = {isa = PBXBuildFile; fileRef = 2216A18E233021780091EF5A /* AppDelegate.swift */; };
		2216A194233021780091EF5A /* Main.storyboard in Resources */ = {isa = PBXBuildFile; fileRef = 2216A192233021780091EF5A /* Main.storyboard */; };
		2216A1962330217A0091EF5A /* Assets.xcassets in Resources */ = {isa = PBXBuildFile; fileRef = 2216A1952330217A0091EF5A /* Assets.xcassets */; };
		2216A1992330217A0091EF5A /* LaunchScreen.storyboard in Resources */ = {isa = PBXBuildFile; fileRef = 2216A1972330217A0091EF5A /* LaunchScreen.storyboard */; };
		2216A1A12330260B0091EF5A /* MainTabBarController.swift in Sources */ = {isa = PBXBuildFile; fileRef = 2216A1A02330260B0091EF5A /* MainTabBarController.swift */; };
		2234675223313C0D000FEC4E /* SearchResponse.swift in Sources */ = {isa = PBXBuildFile; fileRef = 2234675123313C0D000FEC4E /* SearchResponse.swift */; };
		223467542331452D000FEC4E /* Network Service.swift in Sources */ = {isa = PBXBuildFile; fileRef = 223467532331452D000FEC4E /* Network Service.swift */; };
		2234676C233152F2000FEC4E /* SearchPresenter.swift in Sources */ = {isa = PBXBuildFile; fileRef = 22346765233152F2000FEC4E /* SearchPresenter.swift */; };
		2234676D233152F2000FEC4E /* SearchWorker.swift in Sources */ = {isa = PBXBuildFile; fileRef = 22346766233152F2000FEC4E /* SearchWorker.swift */; };
		2234676E233152F2000FEC4E /* SearchRouter.swift in Sources */ = {isa = PBXBuildFile; fileRef = 22346767233152F2000FEC4E /* SearchRouter.swift */; };
		2234676F233152F2000FEC4E /* SearchModels.swift in Sources */ = {isa = PBXBuildFile; fileRef = 22346768233152F2000FEC4E /* SearchModels.swift */; };
		22346770233152F2000FEC4E /* SearchViewController.swift in Sources */ = {isa = PBXBuildFile; fileRef = 22346769233152F2000FEC4E /* SearchViewController.swift */; };
		22346771233152F2000FEC4E /* SearchInteractor.swift in Sources */ = {isa = PBXBuildFile; fileRef = 2234676A233152F2000FEC4E /* SearchInteractor.swift */; };
		2234677423315D9C000FEC4E /* SearchViewController.storyboard in Resources */ = {isa = PBXBuildFile; fileRef = 2234677323315D9C000FEC4E /* SearchViewController.storyboard */; };
		2234677623316012000FEC4E /* UIVC + Storyboard.swift in Sources */ = {isa = PBXBuildFile; fileRef = 2234677523316012000FEC4E /* UIVC + Storyboard.swift */; };
		2234677A23316FBF000FEC4E /* TrackCell.xib in Resources */ = {isa = PBXBuildFile; fileRef = 2234677923316FBF000FEC4E /* TrackCell.xib */; };
		2234677C23316FEA000FEC4E /* TrackCell.swift in Sources */ = {isa = PBXBuildFile; fileRef = 2234677B23316FEA000FEC4E /* TrackCell.swift */; };
		2234678023323061000FEC4E /* FooterView.swift in Sources */ = {isa = PBXBuildFile; fileRef = 2234677F23323061000FEC4E /* FooterView.swift */; };
		223467832332879D000FEC4E /* TrackDetailView.xib in Resources */ = {isa = PBXBuildFile; fileRef = 223467822332879D000FEC4E /* TrackDetailView.xib */; };
		22346785233287AE000FEC4E /* TrackDetailView.swift in Sources */ = {isa = PBXBuildFile; fileRef = 22346784233287AE000FEC4E /* TrackDetailView.swift */; };
		226B7D8F2335898D0043E072 /* LibraryViewController.swift in Sources */ = {isa = PBXBuildFile; fileRef = 226B7D882335898D0043E072 /* LibraryViewController.swift */; };
		226B7D9323358A980043E072 /* LibraryViewController.storyboard in Resources */ = {isa = PBXBuildFile; fileRef = 226B7D9223358A980043E072 /* LibraryViewController.storyboard */; };
		226B7D9523362FCE0043E072 /* UserDefaults.swift in Sources */ = {isa = PBXBuildFile; fileRef = 226B7D9423362FCE0043E072 /* UserDefaults.swift */; };
		48D39DBF592E7CA2A6E045C1 /* Pods_Apple_Music.framework in Frameworks */ = {isa = PBXBuildFile; fileRef = 9ED7F99C706A2783362EE665 /* Pods_Apple_Music.framework */; };
/* End PBXBuildFile section */

/* Begin PBXFileReference section */
		2216A18B233021780091EF5A /* Apple Music.app */ = {isa = PBXFileReference; explicitFileType = wrapper.application; includeInIndex = 0; path = "Apple Music.app"; sourceTree = BUILT_PRODUCTS_DIR; };
		2216A18E233021780091EF5A /* AppDelegate.swift */ = {isa = PBXFileReference; lastKnownFileType = sourcecode.swift; path = AppDelegate.swift; sourceTree = "<group>"; };
		2216A193233021780091EF5A /* Base */ = {isa = PBXFileReference; lastKnownFileType = file.storyboard; name = Base; path = Base.lproj/Main.storyboard; sourceTree = "<group>"; };
		2216A1952330217A0091EF5A /* Assets.xcassets */ = {isa = PBXFileReference; lastKnownFileType = folder.assetcatalog; path = Assets.xcassets; sourceTree = "<group>"; };
		2216A1982330217A0091EF5A /* Base */ = {isa = PBXFileReference; lastKnownFileType = file.storyboard; name = Base; path = Base.lproj/LaunchScreen.storyboard; sourceTree = "<group>"; };
		2216A19A2330217A0091EF5A /* Info.plist */ = {isa = PBXFileReference; lastKnownFileType = text.plist.xml; path = Info.plist; sourceTree = "<group>"; };
		2216A1A02330260B0091EF5A /* MainTabBarController.swift */ = {isa = PBXFileReference; lastKnownFileType = sourcecode.swift; path = MainTabBarController.swift; sourceTree = "<group>"; };
		2234675123313C0D000FEC4E /* SearchResponse.swift */ = {isa = PBXFileReference; lastKnownFileType = sourcecode.swift; path = SearchResponse.swift; sourceTree = "<group>"; };
		223467532331452D000FEC4E /* Network Service.swift */ = {isa = PBXFileReference; lastKnownFileType = sourcecode.swift; path = "Network Service.swift"; sourceTree = "<group>"; };
		22346765233152F2000FEC4E /* SearchPresenter.swift */ = {isa = PBXFileReference; lastKnownFileType = sourcecode.swift; path = SearchPresenter.swift; sourceTree = "<group>"; };
		22346766233152F2000FEC4E /* SearchWorker.swift */ = {isa = PBXFileReference; lastKnownFileType = sourcecode.swift; path = SearchWorker.swift; sourceTree = "<group>"; };
		22346767233152F2000FEC4E /* SearchRouter.swift */ = {isa = PBXFileReference; lastKnownFileType = sourcecode.swift; path = SearchRouter.swift; sourceTree = "<group>"; };
		22346768233152F2000FEC4E /* SearchModels.swift */ = {isa = PBXFileReference; lastKnownFileType = sourcecode.swift; path = SearchModels.swift; sourceTree = "<group>"; };
		22346769233152F2000FEC4E /* SearchViewController.swift */ = {isa = PBXFileReference; lastKnownFileType = sourcecode.swift; path = SearchViewController.swift; sourceTree = "<group>"; };
		2234676A233152F2000FEC4E /* SearchInteractor.swift */ = {isa = PBXFileReference; lastKnownFileType = sourcecode.swift; path = SearchInteractor.swift; sourceTree = "<group>"; };
		2234677323315D9C000FEC4E /* SearchViewController.storyboard */ = {isa = PBXFileReference; lastKnownFileType = file.storyboard; path = SearchViewController.storyboard; sourceTree = "<group>"; };
		2234677523316012000FEC4E /* UIVC + Storyboard.swift */ = {isa = PBXFileReference; lastKnownFileType = sourcecode.swift; path = "UIVC + Storyboard.swift"; sourceTree = "<group>"; };
		2234677923316FBF000FEC4E /* TrackCell.xib */ = {isa = PBXFileReference; lastKnownFileType = file.xib; path = TrackCell.xib; sourceTree = "<group>"; };
		2234677B23316FEA000FEC4E /* TrackCell.swift */ = {isa = PBXFileReference; lastKnownFileType = sourcecode.swift; path = TrackCell.swift; sourceTree = "<group>"; };
		2234677F23323061000FEC4E /* FooterView.swift */ = {isa = PBXFileReference; lastKnownFileType = sourcecode.swift; path = FooterView.swift; sourceTree = "<group>"; };
		223467822332879D000FEC4E /* TrackDetailView.xib */ = {isa = PBXFileReference; lastKnownFileType = file.xib; path = TrackDetailView.xib; sourceTree = "<group>"; };
		22346784233287AE000FEC4E /* TrackDetailView.swift */ = {isa = PBXFileReference; lastKnownFileType = sourcecode.swift; path = TrackDetailView.swift; sourceTree = "<group>"; wrapsLines = 1; };
		226B7D882335898D0043E072 /* LibraryViewController.swift */ = {isa = PBXFileReference; lastKnownFileType = sourcecode.swift; path = LibraryViewController.swift; sourceTree = "<group>"; };
		226B7D9223358A980043E072 /* LibraryViewController.storyboard */ = {isa = PBXFileReference; lastKnownFileType = file.storyboard; path = LibraryViewController.storyboard; sourceTree = "<group>"; };
		226B7D9423362FCE0043E072 /* UserDefaults.swift */ = {isa = PBXFileReference; lastKnownFileType = sourcecode.swift; path = UserDefaults.swift; sourceTree = "<group>"; };
		61673D844803471E4B7A9CA4 /* Pods-Apple Music.debug.xcconfig */ = {isa = PBXFileReference; includeInIndex = 1; lastKnownFileType = text.xcconfig; name = "Pods-Apple Music.debug.xcconfig"; path = "Pods/Target Support Files/Pods-Apple Music/Pods-Apple Music.debug.xcconfig"; sourceTree = "<group>"; };
		651E1C82905C26522DD02F60 /* Pods-Apple Music.release.xcconfig */ = {isa = PBXFileReference; includeInIndex = 1; lastKnownFileType = text.xcconfig; name = "Pods-Apple Music.release.xcconfig"; path = "Pods/Target Support Files/Pods-Apple Music/Pods-Apple Music.release.xcconfig"; sourceTree = "<group>"; };
		9ED7F99C706A2783362EE665 /* Pods_Apple_Music.framework */ = {isa = PBXFileReference; explicitFileType = wrapper.framework; includeInIndex = 0; path = Pods_Apple_Music.framework; sourceTree = BUILT_PRODUCTS_DIR; };
/* End PBXFileReference section */

/* Begin PBXFrameworksBuildPhase section */
		2216A188233021780091EF5A /* Frameworks */ = {
			isa = PBXFrameworksBuildPhase;
			buildActionMask = 2147483647;
			files = (
				48D39DBF592E7CA2A6E045C1 /* Pods_Apple_Music.framework in Frameworks */,
			);
			runOnlyForDeploymentPostprocessing = 0;
		};
/* End PBXFrameworksBuildPhase section */

/* Begin PBXGroup section */
		2216A182233021780091EF5A = {
			isa = PBXGroup;
			children = (
				2216A18D233021780091EF5A /* Apple Music */,
				2216A18C233021780091EF5A /* Products */,
				6FDD6DC34768F1B928D61ED8 /* Pods */,
				BC9EE54F2A8886495704430D /* Frameworks */,
			);
			sourceTree = "<group>";
		};
		2216A18C233021780091EF5A /* Products */ = {
			isa = PBXGroup;
			children = (
				2216A18B233021780091EF5A /* Apple Music.app */,
			);
			name = Products;
			sourceTree = "<group>";
		};
		2216A18D233021780091EF5A /* Apple Music */ = {
			isa = PBXGroup;
			children = (
				226B7D83233588FF0043E072 /* Library */,
				2216A18E233021780091EF5A /* AppDelegate.swift */,
				2216A1A02330260B0091EF5A /* MainTabBarController.swift */,
				2234676423315254000FEC4E /* Services */,
				22346755233151DC000FEC4E /* Search */,
				2216A192233021780091EF5A /* Main.storyboard */,
				2216A1952330217A0091EF5A /* Assets.xcassets */,
				2216A1972330217A0091EF5A /* LaunchScreen.storyboard */,
				2216A19A2330217A0091EF5A /* Info.plist */,
				2234675123313C0D000FEC4E /* SearchResponse.swift */,
				2234677723316018000FEC4E /* Helpers */,
			);
			path = "Apple Music";
			sourceTree = "<group>";
		};
		22346755233151DC000FEC4E /* Search */ = {
			isa = PBXGroup;
			children = (
				223467812332876A000FEC4E /* TrackDetailView */,
				2234677823316F9B000FEC4E /* Cell */,
				2234677323315D9C000FEC4E /* SearchViewController.storyboard */,
				22346769233152F2000FEC4E /* SearchViewController.swift */,
				2234676A233152F2000FEC4E /* SearchInteractor.swift */,
				22346765233152F2000FEC4E /* SearchPresenter.swift */,
				22346768233152F2000FEC4E /* SearchModels.swift */,
				22346766233152F2000FEC4E /* SearchWorker.swift */,
				22346767233152F2000FEC4E /* SearchRouter.swift */,
				2234677F23323061000FEC4E /* FooterView.swift */,
			);
			path = Search;
			sourceTree = "<group>";
		};
		2234676423315254000FEC4E /* Services */ = {
			isa = PBXGroup;
			children = (
				223467532331452D000FEC4E /* Network Service.swift */,
			);
			path = Services;
			sourceTree = "<group>";
		};
		2234677723316018000FEC4E /* Helpers */ = {
			isa = PBXGroup;
			children = (
				2234677523316012000FEC4E /* UIVC + Storyboard.swift */,
			);
			path = Helpers;
			sourceTree = "<group>";
		};
		2234677823316F9B000FEC4E /* Cell */ = {
			isa = PBXGroup;
			children = (
				2234677923316FBF000FEC4E /* TrackCell.xib */,
				2234677B23316FEA000FEC4E /* TrackCell.swift */,
				226B7D9423362FCE0043E072 /* UserDefaults.swift */,
			);
			path = Cell;
			sourceTree = "<group>";
		};
		223467812332876A000FEC4E /* TrackDetailView */ = {
			isa = PBXGroup;
			children = (
				223467822332879D000FEC4E /* TrackDetailView.xib */,
				22346784233287AE000FEC4E /* TrackDetailView.swift */,
			);
			path = TrackDetailView;
			sourceTree = "<group>";
		};
		226B7D83233588FF0043E072 /* Library */ = {
			isa = PBXGroup;
			children = (
				226B7D9223358A980043E072 /* LibraryViewController.storyboard */,
				226B7D882335898D0043E072 /* LibraryViewController.swift */,
			);
			path = Library;
			sourceTree = "<group>";
		};
		6FDD6DC34768F1B928D61ED8 /* Pods */ = {
			isa = PBXGroup;
			children = (
				61673D844803471E4B7A9CA4 /* Pods-Apple Music.debug.xcconfig */,
				651E1C82905C26522DD02F60 /* Pods-Apple Music.release.xcconfig */,
			);
			name = Pods;
			sourceTree = "<group>";
		};
		BC9EE54F2A8886495704430D /* Frameworks */ = {
			isa = PBXGroup;
			children = (
				9ED7F99C706A2783362EE665 /* Pods_Apple_Music.framework */,
			);
			name = Frameworks;
			sourceTree = "<group>";
		};
/* End PBXGroup section */

/* Begin PBXNativeTarget section */
		2216A18A233021780091EF5A /* Apple Music */ = {
			isa = PBXNativeTarget;
			buildConfigurationList = 2216A19D2330217A0091EF5A /* Build configuration list for PBXNativeTarget "Apple Music" */;
			buildPhases = (
				0073F0A1418252777ED78ABF /* [CP] Check Pods Manifest.lock */,
				2216A187233021780091EF5A /* Sources */,
				2216A188233021780091EF5A /* Frameworks */,
				2216A189233021780091EF5A /* Resources */,
				DFE8D38EB60417BD1E3F8F37 /* [CP] Embed Pods Frameworks */,
			);
			buildRules = (
			);
			dependencies = (
			);
			name = "Apple Music";
			productName = "Apple Music";
			productReference = 2216A18B233021780091EF5A /* Apple Music.app */;
			productType = "com.apple.product-type.application";
		};
/* End PBXNativeTarget section */

/* Begin PBXProject section */
		2216A183233021780091EF5A /* Project object */ = {
			isa = PBXProject;
			attributes = {
				LastSwiftUpdateCheck = 1030;
				LastUpgradeCheck = 1030;
				ORGANIZATIONNAME = "Саша Руцман";
				TargetAttributes = {
					2216A18A233021780091EF5A = {
						CreatedOnToolsVersion = 10.3;
					};
				};
			};
			buildConfigurationList = 2216A186233021780091EF5A /* Build configuration list for PBXProject "Apple Music" */;
			compatibilityVersion = "Xcode 9.3";
			developmentRegion = en;
			hasScannedForEncodings = 0;
			knownRegions = (
				en,
				Base,
			);
			mainGroup = 2216A182233021780091EF5A;
			productRefGroup = 2216A18C233021780091EF5A /* Products */;
			projectDirPath = "";
			projectRoot = "";
			targets = (
				2216A18A233021780091EF5A /* Apple Music */,
			);
		};
/* End PBXProject section */

/* Begin PBXResourcesBuildPhase section */
		2216A189233021780091EF5A /* Resources */ = {
			isa = PBXResourcesBuildPhase;
			buildActionMask = 2147483647;
			files = (
				2216A1992330217A0091EF5A /* LaunchScreen.storyboard in Resources */,
				223467832332879D000FEC4E /* TrackDetailView.xib in Resources */,
				2234677A23316FBF000FEC4E /* TrackCell.xib in Resources */,
				226B7D9323358A980043E072 /* LibraryViewController.storyboard in Resources */,
				2216A1962330217A0091EF5A /* Assets.xcassets in Resources */,
				2234677423315D9C000FEC4E /* SearchViewController.storyboard in Resources */,
				2216A194233021780091EF5A /* Main.storyboard in Resources */,
			);
			runOnlyForDeploymentPostprocessing = 0;
		};
/* End PBXResourcesBuildPhase section */

/* Begin PBXShellScriptBuildPhase section */
		0073F0A1418252777ED78ABF /* [CP] Check Pods Manifest.lock */ = {
			isa = PBXShellScriptBuildPhase;
			buildActionMask = 2147483647;
			files = (
			);
			inputFileListPaths = (
			);
			inputPaths = (
				"${PODS_PODFILE_DIR_PATH}/Podfile.lock",
				"${PODS_ROOT}/Manifest.lock",
			);
			name = "[CP] Check Pods Manifest.lock";
			outputFileListPaths = (
			);
			outputPaths = (
				"$(DERIVED_FILE_DIR)/Pods-Apple Music-checkManifestLockResult.txt",
			);
			runOnlyForDeploymentPostprocessing = 0;
			shellPath = /bin/sh;
			shellScript = "diff \"${PODS_PODFILE_DIR_PATH}/Podfile.lock\" \"${PODS_ROOT}/Manifest.lock\" > /dev/null\nif [ $? != 0 ] ; then\n    # print error to STDERR\n    echo \"error: The sandbox is not in sync with the Podfile.lock. Run 'pod install' or update your CocoaPods installation.\" >&2\n    exit 1\nfi\n# This output is used by Xcode 'outputs' to avoid re-running this script phase.\necho \"SUCCESS\" > \"${SCRIPT_OUTPUT_FILE_0}\"\n";
			showEnvVarsInLog = 0;
		};
		DFE8D38EB60417BD1E3F8F37 /* [CP] Embed Pods Frameworks */ = {
			isa = PBXShellScriptBuildPhase;
			buildActionMask = 2147483647;
			files = (
			);
			inputFileListPaths = (
			);
			inputPaths = (
				"${SRCROOT}/Pods/Target Support Files/Pods-Apple Music/Pods-Apple Music-frameworks.sh",
				"${BUILT_PRODUCTS_DIR}/Alamofire/Alamofire.framework",
				"${BUILT_PRODUCTS_DIR}/SDWebImage/SDWebImage.framework",
			);
			name = "[CP] Embed Pods Frameworks";
			outputFileListPaths = (
			);
			outputPaths = (
				"${TARGET_BUILD_DIR}/${FRAMEWORKS_FOLDER_PATH}/Alamofire.framework",
				"${TARGET_BUILD_DIR}/${FRAMEWORKS_FOLDER_PATH}/SDWebImage.framework",
			);
			runOnlyForDeploymentPostprocessing = 0;
			shellPath = /bin/sh;
			shellScript = "\"${SRCROOT}/Pods/Target Support Files/Pods-Apple Music/Pods-Apple Music-frameworks.sh\"\n";
			showEnvVarsInLog = 0;
		};
/* End PBXShellScriptBuildPhase section */

/* Begin PBXSourcesBuildPhase section */
		2216A187233021780091EF5A /* Sources */ = {
			isa = PBXSourcesBuildPhase;
			buildActionMask = 2147483647;
			files = (
				2234677623316012000FEC4E /* UIVC + Storyboard.swift in Sources */,
				22346770233152F2000FEC4E /* SearchViewController.swift in Sources */,
				226B7D8F2335898D0043E072 /* LibraryViewController.swift in Sources */,
				22346785233287AE000FEC4E /* TrackDetailView.swift in Sources */,
				2234678023323061000FEC4E /* FooterView.swift in Sources */,
				2234675223313C0D000FEC4E /* SearchResponse.swift in Sources */,
				2216A18F233021780091EF5A /* AppDelegate.swift in Sources */,
				2234676E233152F2000FEC4E /* SearchRouter.swift in Sources */,
				223467542331452D000FEC4E /* Network Service.swift in Sources */,
				226B7D9523362FCE0043E072 /* UserDefaults.swift in Sources */,
				2234677C23316FEA000FEC4E /* TrackCell.swift in Sources */,
				22346771233152F2000FEC4E /* SearchInteractor.swift in Sources */,
				2234676D233152F2000FEC4E /* SearchWorker.swift in Sources */,
				2216A1A12330260B0091EF5A /* MainTabBarController.swift in Sources */,
				2234676C233152F2000FEC4E /* SearchPresenter.swift in Sources */,
				2234676F233152F2000FEC4E /* SearchModels.swift in Sources */,
			);
			runOnlyForDeploymentPostprocessing = 0;
		};
/* End PBXSourcesBuildPhase section */

/* Begin PBXVariantGroup section */
		2216A192233021780091EF5A /* Main.storyboard */ = {
			isa = PBXVariantGroup;
			children = (
				2216A193233021780091EF5A /* Base */,
			);
			name = Main.storyboard;
			sourceTree = "<group>";
		};
		2216A1972330217A0091EF5A /* LaunchScreen.storyboard */ = {
			isa = PBXVariantGroup;
			children = (
				2216A1982330217A0091EF5A /* Base */,
			);
			name = LaunchScreen.storyboard;
			sourceTree = "<group>";
		};
/* End PBXVariantGroup section */

/* Begin XCBuildConfiguration section */
		2216A19B2330217A0091EF5A /* Debug */ = {
			isa = XCBuildConfiguration;
			buildSettings = {
				ALWAYS_SEARCH_USER_PATHS = NO;
				CLANG_ANALYZER_NONNULL = YES;
				CLANG_ANALYZER_NUMBER_OBJECT_CONVERSION = YES_AGGRESSIVE;
				CLANG_CXX_LANGUAGE_STANDARD = "gnu++14";
				CLANG_CXX_LIBRARY = "libc++";
				CLANG_ENABLE_MODULES = YES;
				CLANG_ENABLE_OBJC_ARC = YES;
				CLANG_ENABLE_OBJC_WEAK = YES;
				CLANG_WARN_BLOCK_CAPTURE_AUTORELEASING = YES;
				CLANG_WARN_BOOL_CONVERSION = YES;
				CLANG_WARN_COMMA = YES;
				CLANG_WARN_CONSTANT_CONVERSION = YES;
				CLANG_WARN_DEPRECATED_OBJC_IMPLEMENTATIONS = YES;
				CLANG_WARN_DIRECT_OBJC_ISA_USAGE = YES_ERROR;
				CLANG_WARN_DOCUMENTATION_COMMENTS = YES;
				CLANG_WARN_EMPTY_BODY = YES;
				CLANG_WARN_ENUM_CONVERSION = YES;
				CLANG_WARN_INFINITE_RECURSION = YES;
				CLANG_WARN_INT_CONVERSION = YES;
				CLANG_WARN_NON_LITERAL_NULL_CONVERSION = YES;
				CLANG_WARN_OBJC_IMPLICIT_RETAIN_SELF = YES;
				CLANG_WARN_OBJC_LITERAL_CONVERSION = YES;
				CLANG_WARN_OBJC_ROOT_CLASS = YES_ERROR;
				CLANG_WARN_RANGE_LOOP_ANALYSIS = YES;
				CLANG_WARN_STRICT_PROTOTYPES = YES;
				CLANG_WARN_SUSPICIOUS_MOVE = YES;
				CLANG_WARN_UNGUARDED_AVAILABILITY = YES_AGGRESSIVE;
				CLANG_WARN_UNREACHABLE_CODE = YES;
				CLANG_WARN__DUPLICATE_METHOD_MATCH = YES;
				CODE_SIGN_IDENTITY = "iPhone Developer";
				COPY_PHASE_STRIP = NO;
				DEBUG_INFORMATION_FORMAT = dwarf;
				ENABLE_STRICT_OBJC_MSGSEND = YES;
				ENABLE_TESTABILITY = YES;
				GCC_C_LANGUAGE_STANDARD = gnu11;
				GCC_DYNAMIC_NO_PIC = NO;
				GCC_NO_COMMON_BLOCKS = YES;
				GCC_OPTIMIZATION_LEVEL = 0;
				GCC_PREPROCESSOR_DEFINITIONS = (
					"DEBUG=1",
					"$(inherited)",
				);
				GCC_WARN_64_TO_32_BIT_CONVERSION = YES;
				GCC_WARN_ABOUT_RETURN_TYPE = YES_ERROR;
				GCC_WARN_UNDECLARED_SELECTOR = YES;
				GCC_WARN_UNINITIALIZED_AUTOS = YES_AGGRESSIVE;
				GCC_WARN_UNUSED_FUNCTION = YES;
				GCC_WARN_UNUSED_VARIABLE = YES;
				IPHONEOS_DEPLOYMENT_TARGET = 12.4;
				MTL_ENABLE_DEBUG_INFO = INCLUDE_SOURCE;
				MTL_FAST_MATH = YES;
				ONLY_ACTIVE_ARCH = YES;
				SDKROOT = iphoneos;
				SWIFT_ACTIVE_COMPILATION_CONDITIONS = DEBUG;
				SWIFT_OPTIMIZATION_LEVEL = "-Onone";
			};
			name = Debug;
		};
		2216A19C2330217A0091EF5A /* Release */ = {
			isa = XCBuildConfiguration;
			buildSettings = {
				ALWAYS_SEARCH_USER_PATHS = NO;
				CLANG_ANALYZER_NONNULL = YES;
				CLANG_ANALYZER_NUMBER_OBJECT_CONVERSION = YES_AGGRESSIVE;
				CLANG_CXX_LANGUAGE_STANDARD = "gnu++14";
				CLANG_CXX_LIBRARY = "libc++";
				CLANG_ENABLE_MODULES = YES;
				CLANG_ENABLE_OBJC_ARC = YES;
				CLANG_ENABLE_OBJC_WEAK = YES;
				CLANG_WARN_BLOCK_CAPTURE_AUTORELEASING = YES;
				CLANG_WARN_BOOL_CONVERSION = YES;
				CLANG_WARN_COMMA = YES;
				CLANG_WARN_CONSTANT_CONVERSION = YES;
				CLANG_WARN_DEPRECATED_OBJC_IMPLEMENTATIONS = YES;
				CLANG_WARN_DIRECT_OBJC_ISA_USAGE = YES_ERROR;
				CLANG_WARN_DOCUMENTATION_COMMENTS = YES;
				CLANG_WARN_EMPTY_BODY = YES;
				CLANG_WARN_ENUM_CONVERSION = YES;
				CLANG_WARN_INFINITE_RECURSION = YES;
				CLANG_WARN_INT_CONVERSION = YES;
				CLANG_WARN_NON_LITERAL_NULL_CONVERSION = YES;
				CLANG_WARN_OBJC_IMPLICIT_RETAIN_SELF = YES;
				CLANG_WARN_OBJC_LITERAL_CONVERSION = YES;
				CLANG_WARN_OBJC_ROOT_CLASS = YES_ERROR;
				CLANG_WARN_RANGE_LOOP_ANALYSIS = YES;
				CLANG_WARN_STRICT_PROTOTYPES = YES;
				CLANG_WARN_SUSPICIOUS_MOVE = YES;
				CLANG_WARN_UNGUARDED_AVAILABILITY = YES_AGGRESSIVE;
				CLANG_WARN_UNREACHABLE_CODE = YES;
				CLANG_WARN__DUPLICATE_METHOD_MATCH = YES;
				CODE_SIGN_IDENTITY = "iPhone Developer";
				COPY_PHASE_STRIP = NO;
				DEBUG_INFORMATION_FORMAT = "dwarf-with-dsym";
				ENABLE_NS_ASSERTIONS = NO;
				ENABLE_STRICT_OBJC_MSGSEND = YES;
				GCC_C_LANGUAGE_STANDARD = gnu11;
				GCC_NO_COMMON_BLOCKS = YES;
				GCC_WARN_64_TO_32_BIT_CONVERSION = YES;
				GCC_WARN_ABOUT_RETURN_TYPE = YES_ERROR;
				GCC_WARN_UNDECLARED_SELECTOR = YES;
				GCC_WARN_UNINITIALIZED_AUTOS = YES_AGGRESSIVE;
				GCC_WARN_UNUSED_FUNCTION = YES;
				GCC_WARN_UNUSED_VARIABLE = YES;
				IPHONEOS_DEPLOYMENT_TARGET = 12.4;
				MTL_ENABLE_DEBUG_INFO = NO;
				MTL_FAST_MATH = YES;
				SDKROOT = iphoneos;
				SWIFT_COMPILATION_MODE = wholemodule;
				SWIFT_OPTIMIZATION_LEVEL = "-O";
				VALIDATE_PRODUCT = YES;
			};
			name = Release;
		};
		2216A19E2330217A0091EF5A /* Debug */ = {
			isa = XCBuildConfiguration;
			baseConfigurationReference = 61673D844803471E4B7A9CA4 /* Pods-Apple Music.debug.xcconfig */;
			buildSettings = {
				ASSETCATALOG_COMPILER_APPICON_NAME = AppIcon;
				CODE_SIGN_STYLE = Automatic;
				INFOPLIST_FILE = "Apple Music/Info.plist";
				LD_RUNPATH_SEARCH_PATHS = (
					"$(inherited)",
					"@executable_path/Frameworks",
				);
				PRODUCT_BUNDLE_IDENTIFIER = "-.Apple-Music";
				PRODUCT_NAME = "$(TARGET_NAME)";
				SWIFT_VERSION = 5.0;
				TARGETED_DEVICE_FAMILY = "1,2";
			};
			name = Debug;
		};
		2216A19F2330217A0091EF5A /* Release */ = {
			isa = XCBuildConfiguration;
			baseConfigurationReference = 651E1C82905C26522DD02F60 /* Pods-Apple Music.release.xcconfig */;
			buildSettings = {
				ASSETCATALOG_COMPILER_APPICON_NAME = AppIcon;
				CODE_SIGN_STYLE = Automatic;
				INFOPLIST_FILE = "Apple Music/Info.plist";
				LD_RUNPATH_SEARCH_PATHS = (
					"$(inherited)",
					"@executable_path/Frameworks",
				);
				PRODUCT_BUNDLE_IDENTIFIER = "-.Apple-Music";
				PRODUCT_NAME = "$(TARGET_NAME)";
				SWIFT_VERSION = 5.0;
				TARGETED_DEVICE_FAMILY = "1,2";
			};
			name = Release;
		};
/* End XCBuildConfiguration section */

/* Begin XCConfigurationList section */
		2216A186233021780091EF5A /* Build configuration list for PBXProject "Apple Music" */ = {
			isa = XCConfigurationList;
			buildConfigurations = (
				2216A19B2330217A0091EF5A /* Debug */,
				2216A19C2330217A0091EF5A /* Release */,
			);
			defaultConfigurationIsVisible = 0;
			defaultConfigurationName = Release;
		};
		2216A19D2330217A0091EF5A /* Build configuration list for PBXNativeTarget "Apple Music" */ = {
			isa = XCConfigurationList;
			buildConfigurations = (
				2216A19E2330217A0091EF5A /* Debug */,
				2216A19F2330217A0091EF5A /* Release */,
			);
			defaultConfigurationIsVisible = 0;
			defaultConfigurationName = Release;
		};
/* End XCConfigurationList section */
	};
	rootObject = 2216A183233021780091EF5A /* Project object */;
}
